// !$*UTF8*$!
{
	archiveVersion = 1;
	classes = {
	};
	objectVersion = 46;
	objects = {

/* Begin PBXBuildFile section */
		CA4934FB1CA08BA20037D067 /* NMNetDiagnostic.m in Sources */ = {isa = PBXBuildFile; fileRef = CA4934F91CA08BA20037D067 /* NMNetDiagnostic.m */; };
		CA4934FC1CA08BA20037D067 /* NMPacketUDP.m in Sources */ = {isa = PBXBuildFile; fileRef = CA4934FA1CA08BA20037D067 /* NMPacketUDP.m */; };
		CAB008501CA0629700837F7D /* main.m in Sources */ = {isa = PBXBuildFile; fileRef = CAB0084F1CA0629700837F7D /* main.m */; };
		CAB008531CA0629700837F7D /* AppDelegate.m in Sources */ = {isa = PBXBuildFile; fileRef = CAB008521CA0629700837F7D /* AppDelegate.m */; };
		CAB008561CA0629700837F7D /* ViewController.m in Sources */ = {isa = PBXBuildFile; fileRef = CAB008551CA0629700837F7D /* ViewController.m */; };
		CAB008591CA0629700837F7D /* Main.storyboard in Resources */ = {isa = PBXBuildFile; fileRef = CAB008571CA0629700837F7D /* Main.storyboard */; };
		CAB0085B1CA0629700837F7D /* Assets.xcassets in Resources */ = {isa = PBXBuildFile; fileRef = CAB0085A1CA0629700837F7D /* Assets.xcassets */; };
		CAB0085E1CA0629700837F7D /* LaunchScreen.storyboard in Resources */ = {isa = PBXBuildFile; fileRef = CAB0085C1CA0629700837F7D /* LaunchScreen.storyboard */; };
/* End PBXBuildFile section */

/* Begin PBXFileReference section */
		CA4934F71CA08BA20037D067 /* NMNetDiagnostic.h */ = {isa = PBXFileReference; fileEncoding = 4; lastKnownFileType = sourcecode.c.h; path = NMNetDiagnostic.h; sourceTree = "<group>"; };
		CA4934F81CA08BA20037D067 /* NMPacketUDP.h */ = {isa = PBXFileReference; fileEncoding = 4; lastKnownFileType = sourcecode.c.h; path = NMPacketUDP.h; sourceTree = "<group>"; };
		CA4934F91CA08BA20037D067 /* NMNetDiagnostic.m */ = {isa = PBXFileReference; fileEncoding = 4; lastKnownFileType = sourcecode.c.objc; path = NMNetDiagnostic.m; sourceTree = "<group>"; };
		CA4934FA1CA08BA20037D067 /* NMPacketUDP.m */ = {isa = PBXFileReference; fileEncoding = 4; lastKnownFileType = sourcecode.c.objc; path = NMPacketUDP.m; sourceTree = "<group>"; };
		CAB0084B1CA0629700837F7D /* packetTLS.app */ = {isa = PBXFileReference; explicitFileType = wrapper.application; includeInIndex = 0; path = packetTLS.app; sourceTree = BUILT_PRODUCTS_DIR; };
		CAB0084F1CA0629700837F7D /* main.m */ = {isa = PBXFileReference; lastKnownFileType = sourcecode.c.objc; path = main.m; sourceTree = "<group>"; };
		CAB008511CA0629700837F7D /* AppDelegate.h */ = {isa = PBXFileReference; lastKnownFileType = sourcecode.c.h; path = AppDelegate.h; sourceTree = "<group>"; };
		CAB008521CA0629700837F7D /* AppDelegate.m */ = {isa = PBXFileReference; lastKnownFileType = sourcecode.c.objc; path = AppDelegate.m; sourceTree = "<group>"; };
		CAB008541CA0629700837F7D /* ViewController.h */ = {isa = PBXFileReference; lastKnownFileType = sourcecode.c.h; path = ViewController.h; sourceTree = "<group>"; };
		CAB008551CA0629700837F7D /* ViewController.m */ = {isa = PBXFileReference; lastKnownFileType = sourcecode.c.objc; path = ViewController.m; sourceTree = "<group>"; };
		CAB008581CA0629700837F7D /* Base */ = {isa = PBXFileReference; lastKnownFileType = file.storyboard; name = Base; path = Base.lproj/Main.storyboard; sourceTree = "<group>"; };
		CAB0085A1CA0629700837F7D /* Assets.xcassets */ = {isa = PBXFileReference; lastKnownFileType = folder.assetcatalog; path = Assets.xcassets; sourceTree = "<group>"; };
		CAB0085D1CA0629700837F7D /* Base */ = {isa = PBXFileReference; lastKnownFileType = file.storyboard; name = Base; path = Base.lproj/LaunchScreen.storyboard; sourceTree = "<group>"; };
		CAB0085F1CA0629700837F7D /* Info.plist */ = {isa = PBXFileReference; lastKnownFileType = text.plist.xml; path = Info.plist; sourceTree = "<group>"; };
/* End PBXFileReference section */

/* Begin PBXFrameworksBuildPhase section */
		CAB008481CA0629700837F7D /* Frameworks */ = {
			isa = PBXFrameworksBuildPhase;
			buildActionMask = 2147483647;
			files = (
			);
			runOnlyForDeploymentPostprocessing = 0;
		};
/* End PBXFrameworksBuildPhase section */

/* Begin PBXGroup section */
		CAB008421CA0629700837F7D = {
			isa = PBXGroup;
			children = (
				CAB0084D1CA0629700837F7D /* packetTLS */,
				CAB0084C1CA0629700837F7D /* Products */,
			);
			sourceTree = "<group>";
		};
		CAB0084C1CA0629700837F7D /* Products */ = {
			isa = PBXGroup;
			children = (
				CAB0084B1CA0629700837F7D /* packetTLS.app */,
			);
			name = Products;
			sourceTree = "<group>";
		};
		CAB0084D1CA0629700837F7D /* packetTLS */ = {
			isa = PBXGroup;
			children = (
				CA4934F71CA08BA20037D067 /* NMNetDiagnostic.h */,
				CA4934F91CA08BA20037D067 /* NMNetDiagnostic.m */,
				CA4934F81CA08BA20037D067 /* NMPacketUDP.h */,
				CA4934FA1CA08BA20037D067 /* NMPacketUDP.m */,
				CAB008511CA0629700837F7D /* AppDelegate.h */,
				CAB008521CA0629700837F7D /* AppDelegate.m */,
				CAB008541CA0629700837F7D /* ViewController.h */,
				CAB008551CA0629700837F7D /* ViewController.m */,
				CAB008571CA0629700837F7D /* Main.storyboard */,
				CAB0085A1CA0629700837F7D /* Assets.xcassets */,
				CAB0085C1CA0629700837F7D /* LaunchScreen.storyboard */,
				CAB0085F1CA0629700837F7D /* Info.plist */,
				CAB0084E1CA0629700837F7D /* Supporting Files */,
			);
			path = packetTLS;
			sourceTree = "<group>";
		};
		CAB0084E1CA0629700837F7D /* Supporting Files */ = {
			isa = PBXGroup;
			children = (
				CAB0084F1CA0629700837F7D /* main.m */,
			);
			name = "Supporting Files";
			sourceTree = "<group>";
		};
/* End PBXGroup section */

/* Begin PBXNativeTarget section */
		CAB0084A1CA0629700837F7D /* packetTLS */ = {
			isa = PBXNativeTarget;
			buildConfigurationList = CAB008621CA0629700837F7D /* Build configuration list for PBXNativeTarget "packetTLS" */;
			buildPhases = (
				CAB008471CA0629700837F7D /* Sources */,
				CAB008481CA0629700837F7D /* Frameworks */,
				CAB008491CA0629700837F7D /* Resources */,
			);
			buildRules = (
			);
			dependencies = (
			);
			name = packetTLS;
			productName = packetTLS;
			productReference = CAB0084B1CA0629700837F7D /* packetTLS.app */;
			productType = "com.apple.product-type.application";
		};
/* End PBXNativeTarget section */

/* Begin PBXProject section */
		CAB008431CA0629700837F7D /* Project object */ = {
			isa = PBXProject;
			attributes = {
				LastUpgradeCheck = 0730;
				ORGANIZATIONNAME = "Neumob, Inc.";
				TargetAttributes = {
					CAB0084A1CA0629700837F7D = {
						CreatedOnToolsVersion = 7.3;
					};
				};
			};
			buildConfigurationList = CAB008461CA0629700837F7D /* Build configuration list for PBXProject "packetTLS" */;
			compatibilityVersion = "Xcode 3.2";
			developmentRegion = English;
			hasScannedForEncodings = 0;
			knownRegions = (
				en,
				Base,
			);
			mainGroup = CAB008421CA0629700837F7D;
			productRefGroup = CAB0084C1CA0629700837F7D /* Products */;
			projectDirPath = "";
			projectRoot = "";
			targets = (
				CAB0084A1CA0629700837F7D /* packetTLS */,
			);
		};
/* End PBXProject section */

/* Begin PBXResourcesBuildPhase section */
		CAB008491CA0629700837F7D /* Resources */ = {
			isa = PBXResourcesBuildPhase;
			buildActionMask = 2147483647;
			files = (
				CAB0085E1CA0629700837F7D /* LaunchScreen.storyboard in Resources */,
				CAB0085B1CA0629700837F7D /* Assets.xcassets in Resources */,
				CAB008591CA0629700837F7D /* Main.storyboard in Resources */,
			);
			runOnlyForDeploymentPostprocessing = 0;
		};
/* End PBXResourcesBuildPhase section */

/* Begin PBXSourcesBuildPhase section */
		CAB008471CA0629700837F7D /* Sources */ = {
			isa = PBXSourcesBuildPhase;
			buildActionMask = 2147483647;
			files = (
				CAB008561CA0629700837F7D /* ViewController.m in Sources */,
				CAB008531CA0629700837F7D /* AppDelegate.m in Sources */,
				CAB008501CA0629700837F7D /* main.m in Sources */,
				CA4934FC1CA08BA20037D067 /* NMPacketUDP.m in Sources */,
				CA4934FB1CA08BA20037D067 /* NMNetDiagnostic.m in Sources */,
			);
			runOnlyForDeploymentPostprocessing = 0;
		};
/* End PBXSourcesBuildPhase section */

/* Begin PBXVariantGroup section */
		CAB008571CA0629700837F7D /* Main.storyboard */ = {
			isa = PBXVariantGroup;
			children = (
				CAB008581CA0629700837F7D /* Base */,
			);
			name = Main.storyboard;
			sourceTree = "<group>";
		};
		CAB0085C1CA0629700837F7D /* LaunchScreen.storyboard */ = {
			isa = PBXVariantGroup;
			children = (
				CAB0085D1CA0629700837F7D /* Base */,
			);
			name = LaunchScreen.storyboard;
			sourceTree = "<group>";
		};
/* End PBXVariantGroup section */

/* Begin XCBuildConfiguration section */
		CAB008601CA0629700837F7D /* Debug */ = {
			isa = XCBuildConfiguration;
			buildSettings = {
				ALWAYS_SEARCH_USER_PATHS = NO;
				CLANG_ANALYZER_NONNULL = YES;
				CLANG_CXX_LANGUAGE_STANDARD = "gnu++0x";
				CLANG_CXX_LIBRARY = "libc++";
				CLANG_ENABLE_MODULES = YES;
				CLANG_ENABLE_OBJC_ARC = YES;
				CLANG_WARN_BOOL_CONVERSION = YES;
				CLANG_WARN_CONSTANT_CONVERSION = YES;
				CLANG_WARN_DIRECT_OBJC_ISA_USAGE = YES_ERROR;
				CLANG_WARN_EMPTY_BODY = YES;
				CLANG_WARN_ENUM_CONVERSION = YES;
				CLANG_WARN_INT_CONVERSION = YES;
				CLANG_WARN_OBJC_ROOT_CLASS = YES_ERROR;
				CLANG_WARN_UNREACHABLE_CODE = YES;
				CLANG_WARN__DUPLICATE_METHOD_MATCH = YES;
				"CODE_SIGN_IDENTITY[sdk=iphoneos*]" = "iPhone Developer";
				COPY_PHASE_STRIP = NO;
				DEBUG_INFORMATION_FORMAT = dwarf;
				ENABLE_STRICT_OBJC_MSGSEND = YES;
				ENABLE_TESTABILITY = YES;
				GCC_C_LANGUAGE_STANDARD = gnu99;
				GCC_DYNAMIC_NO_PIC = NO;
				GCC_NO_COMMON_BLOCKS = YES;
				GCC_OPTIMIZATION_LEVEL = 0;
				GCC_PREPROCESSOR_DEFINITIONS = (
					"DEBUG=1",
					"$(inherited)",
				);
				GCC_WARN_64_TO_32_BIT_CONVERSION = YES;
				GCC_WARN_ABOUT_RETURN_TYPE = YES_ERROR;
				GCC_WARN_UNDECLARED_SELECTOR = YES;
				GCC_WARN_UNINITIALIZED_AUTOS = YES_AGGRESSIVE;
				GCC_WARN_UNUSED_FUNCTION = YES;
				GCC_WARN_UNUSED_VARIABLE = YES;
				IPHONEOS_DEPLOYMENT_TARGET = 9.3;
				MTL_ENABLE_DEBUG_INFO = YES;
				ONLY_ACTIVE_ARCH = YES;
				SDKROOT = iphoneos;
				TARGETED_DEVICE_FAMILY = "1,2";
			};
			name = Debug;
		};
		CAB008611CA0629700837F7D /* Release */ = {
			isa = XCBuildConfiguration;
			buildSettings = {
				ALWAYS_SEARCH_USER_PATHS = NO;
				CLANG_ANALYZER_NONNULL = YES;
				CLANG_CXX_LANGUAGE_STANDARD = "gnu++0x";
				CLANG_CXX_LIBRARY = "libc++";
				CLANG_ENABLE_MODULES = YES;
				CLANG_ENABLE_OBJC_ARC = YES;
				CLANG_WARN_BOOL_CONVERSION = YES;
				CLANG_WARN_CONSTANT_CONVERSION = YES;
				CLANG_WARN_DIRECT_OBJC_ISA_USAGE = YES_ERROR;
				CLANG_WARN_EMPTY_BODY = YES;
				CLANG_WARN_ENUM_CONVERSION = YES;
				CLANG_WARN_INT_CONVERSION = YES;
				CLANG_WARN_OBJC_ROOT_CLASS = YES_ERROR;
				CLANG_WARN_UNREACHABLE_CODE = YES;
				CLANG_WARN__DUPLICATE_METHOD_MATCH = YES;
				"CODE_SIGN_IDENTITY[sdk=iphoneos*]" = "iPhone Developer";
				COPY_PHASE_STRIP = NO;
				DEBUG_INFORMATION_FORMAT = "dwarf-with-dsym";
				ENABLE_NS_ASSERTIONS = NO;
				ENABLE_STRICT_OBJC_MSGSEND = YES;
				GCC_C_LANGUAGE_STANDARD = gnu99;
				GCC_NO_COMMON_BLOCKS = YES;
				GCC_WARN_64_TO_32_BIT_CONVERSION = YES;
				GCC_WARN_ABOUT_RETURN_TYPE = YES_ERROR;
				GCC_WARN_UNDECLARED_SELECTOR = YES;
				GCC_WARN_UNINITIALIZED_AUTOS = YES_AGGRESSIVE;
				GCC_WARN_UNUSED_FUNCTION = YES;
				GCC_WARN_UNUSED_VARIABLE = YES;
				IPHONEOS_DEPLOYMENT_TARGET = 9.3;
				MTL_ENABLE_DEBUG_INFO = NO;
				SDKROOT = iphoneos;
				TARGETED_DEVICE_FAMILY = "1,2";
				VALIDATE_PRODUCT = YES;
			};
			name = Release;
		};
		CAB008631CA0629700837F7D /* Debug */ = {
			isa = XCBuildConfiguration;
			buildSettings = {
				ASSETCATALOG_COMPILER_APPICON_NAME = AppIcon;
				INFOPLIST_FILE = packetTLS/Info.plist;
				LD_RUNPATH_SEARCH_PATHS = "$(inherited) @executable_path/Frameworks";
				PRODUCT_BUNDLE_IDENTIFIER = com.dpark.packetTLS;
				PRODUCT_NAME = "$(TARGET_NAME)";
			};
			name = Debug;
		};
		CAB008641CA0629700837F7D /* Release */ = {
			isa = XCBuildConfiguration;
			buildSettings = {
				ASSETCATALOG_COMPILER_APPICON_NAME = AppIcon;
				INFOPLIST_FILE = packetTLS/Info.plist;
				LD_RUNPATH_SEARCH_PATHS = "$(inherited) @executable_path/Frameworks";
				PRODUCT_BUNDLE_IDENTIFIER = com.dpark.packetTLS;
				PRODUCT_NAME = "$(TARGET_NAME)";
			};
			name = Release;
		};
/* End XCBuildConfiguration section */

/* Begin XCConfigurationList section */
		CAB008461CA0629700837F7D /* Build configuration list for PBXProject "packetTLS" */ = {
			isa = XCConfigurationList;
			buildConfigurations = (
				CAB008601CA0629700837F7D /* Debug */,
				CAB008611CA0629700837F7D /* Release */,
			);
			defaultConfigurationIsVisible = 0;
			defaultConfigurationName = Release;
		};
		CAB008621CA0629700837F7D /* Build configuration list for PBXNativeTarget "packetTLS" */ = {
			isa = XCConfigurationList;
			buildConfigurations = (
				CAB008631CA0629700837F7D /* Debug */,
				CAB008641CA0629700837F7D /* Release */,
			);
			defaultConfigurationIsVisible = 0;
			defaultConfigurationName = Release;
		};
/* End XCConfigurationList section */
	};
	rootObject = CAB008431CA0629700837F7D /* Project object */;
}
